// !$*UTF8*$!
{
	archiveVersion = 1;
	classes = {
	};
	objectVersion = 46;
	objects = {

/* Begin PBXBuildFile section */
		012FBB641E71A03400D1C61C /* main.m in Sources */ = {isa = PBXBuildFile; fileRef = 012FBB631E71A03400D1C61C /* main.m */; };
		012FBB6D1E71A5AE00D1C61C /* MyObject.m in Sources */ = {isa = PBXBuildFile; fileRef = 012FBB6C1E71A5AE00D1C61C /* MyObject.m */; };
/* End PBXBuildFile section */

/* Begin PBXCopyFilesBuildPhase section */
		012FBB5E1E71A03400D1C61C /* CopyFiles */ = {
			isa = PBXCopyFilesBuildPhase;
			buildActionMask = 2147483647;
			dstPath = /usr/share/man/man1/;
			dstSubfolderSpec = 0;
			files = (
			);
			runOnlyForDeploymentPostprocessing = 1;
		};
/* End PBXCopyFilesBuildPhase section */

/* Begin PBXFileReference section */
		012FBB601E71A03400D1C61C /* oc-helloworld */ = {isa = PBXFileReference; explicitFileType = "compiled.mach-o.executable"; includeInIndex = 0; path = "oc-helloworld"; sourceTree = BUILT_PRODUCTS_DIR; };
		012FBB631E71A03400D1C61C /* main.m */ = {isa = PBXFileReference; lastKnownFileType = sourcecode.c.objc; path = main.m; sourceTree = "<group>"; };
		012FBB6B1E71A22C00D1C61C /* MyObject.h */ = {isa = PBXFileReference; lastKnownFileType = sourcecode.c.h; path = MyObject.h; sourceTree = "<group>"; };
		012FBB6C1E71A5AE00D1C61C /* MyObject.m */ = {isa = PBXFileReference; fileEncoding = 4; lastKnownFileType = sourcecode.c.objc; path = MyObject.m; sourceTree = "<group>"; };
/* End PBXFileReference section */

/* Begin PBXFrameworksBuildPhase section */
		012FBB5D1E71A03400D1C61C /* Frameworks */ = {
			isa = PBXFrameworksBuildPhase;
			buildActionMask = 2147483647;
			files = (
			);
			runOnlyForDeploymentPostprocessing = 0;
		};
/* End PBXFrameworksBuildPhase section */

/* Begin PBXGroup section */
		012FBB571E71A03400D1C61C = {
			isa = PBXGroup;
			children = (
				012FBB621E71A03400D1C61C /* oc-helloworld */,
				012FBB611E71A03400D1C61C /* Products */,
			);
			sourceTree = "<group>";
		};
		012FBB611E71A03400D1C61C /* Products */ = {
			isa = PBXGroup;
			children = (
				012FBB601E71A03400D1C61C /* oc-helloworld */,
			);
			name = Products;
			sourceTree = "<group>";
		};
		012FBB621E71A03400D1C61C /* oc-helloworld */ = {
			isa = PBXGroup;
			children = (
				012FBB631E71A03400D1C61C /* main.m */,
				012FBB6B1E71A22C00D1C61C /* MyObject.h */,
				012FBB6C1E71A5AE00D1C61C /* MyObject.m */,
			);
			path = "oc-helloworld";
			sourceTree = "<group>";
		};
/* End PBXGroup section */

/* Begin PBXNativeTarget section */
		012FBB5F1E71A03400D1C61C /* oc-helloworld */ = {
			isa = PBXNativeTarget;
			buildConfigurationList = 012FBB671E71A03400D1C61C /* Build configuration list for PBXNativeTarget "oc-helloworld" */;
			buildPhases = (
				012FBB5C1E71A03400D1C61C /* Sources */,
				012FBB5D1E71A03400D1C61C /* Frameworks */,
				012FBB5E1E71A03400D1C61C /* CopyFiles */,
			);
			buildRules = (
			);
			dependencies = (
			);
			name = "oc-helloworld";
			productName = "oc-helloworld";
			productReference = 012FBB601E71A03400D1C61C /* oc-helloworld */;
			productType = "com.apple.product-type.tool";
		};
/* End PBXNativeTarget section */

/* Begin PBXProject section */
		012FBB581E71A03400D1C61C /* Project object */ = {
			isa = PBXProject;
			attributes = {
				LastUpgradeCheck = 0820;
				ORGANIZATIONNAME = local;
				TargetAttributes = {
					012FBB5F1E71A03400D1C61C = {
						CreatedOnToolsVersion = 8.2.1;
						ProvisioningStyle = Automatic;
					};
				};
			};
			buildConfigurationList = 012FBB5B1E71A03400D1C61C /* Build configuration list for PBXProject "oc-helloworld" */;
			compatibilityVersion = "Xcode 3.2";
			developmentRegion = English;
			hasScannedForEncodings = 0;
			knownRegions = (
				en,
			);
			mainGroup = 012FBB571E71A03400D1C61C;
			productRefGroup = 012FBB611E71A03400D1C61C /* Products */;
			projectDirPath = "";
			projectRoot = "";
			targets = (
				012FBB5F1E71A03400D1C61C /* oc-helloworld */,
			);
		};
/* End PBXProject section */

/* Begin PBXSourcesBuildPhase section */
		012FBB5C1E71A03400D1C61C /* Sources */ = {
			isa = PBXSourcesBuildPhase;
			buildActionMask = 2147483647;
			files = (
				012FBB6D1E71A5AE00D1C61C /* MyObject.m in Sources */,
				012FBB641E71A03400D1C61C /* main.m in Sources */,
			);
			runOnlyForDeploymentPostprocessing = 0;
		};
/* End PBXSourcesBuildPhase section */

/* Begin XCBuildConfiguration section */
		012FBB651E71A03400D1C61C /* Debug */ = {
			isa = XCBuildConfiguration;
			buildSettings = {
				ALWAYS_SEARCH_USER_PATHS = NO;
				CLANG_ANALYZER_NONNULL = YES;
				CLANG_CXX_LANGUAGE_STANDARD = "gnu++0x";
				CLANG_CXX_LIBRARY = "libc++";
				CLANG_ENABLE_MODULES = YES;
				CLANG_ENABLE_OBJC_ARC = YES;
				CLANG_WARN_BOOL_CONVERSION = YES;
				CLANG_WARN_CONSTANT_CONVERSION = YES;
				CLANG_WARN_DIRECT_OBJC_ISA_USAGE = YES_ERROR;
				CLANG_WARN_DOCUMENTATION_COMMENTS = YES;
				CLANG_WARN_EMPTY_BODY = YES;
				CLANG_WARN_ENUM_CONVERSION = YES;
				CLANG_WARN_INFINITE_RECURSION = YES;
				CLANG_WARN_INT_CONVERSION = YES;
				CLANG_WARN_OBJC_ROOT_CLASS = YES_ERROR;
				CLANG_WARN_SUSPICIOUS_MOVE = YES;
				CLANG_WARN_UNREACHABLE_CODE = YES;
				CLANG_WARN__DUPLICATE_METHOD_MATCH = YES;
				CODE_SIGN_IDENTITY = "-";
				COPY_PHASE_STRIP = NO;
				DEBUG_INFORMATION_FORMAT = dwarf;
				ENABLE_STRICT_OBJC_MSGSEND = YES;
				ENABLE_TESTABILITY = YES;
				GCC_C_LANGUAGE_STANDARD = gnu99;
				GCC_DYNAMIC_NO_PIC = NO;
				GCC_NO_COMMON_BLOCKS = YES;
				GCC_OPTIMIZATION_LEVEL = 0;
				GCC_PREPROCESSOR_DEFINITIONS = (
					"DEBUG=1",
					"$(inherited)",
				);
				GCC_WARN_64_TO_32_BIT_CONVERSION = YES;
				GCC_WARN_ABOUT_RETURN_TYPE = YES_ERROR;
				GCC_WARN_UNDECLARED_SELECTOR = YES;
				GCC_WARN_UNINITIALIZED_AUTOS = YES_AGGRESSIVE;
				GCC_WARN_UNUSED_FUNCTION = YES;
				GCC_WARN_UNUSED_VARIABLE = YES;
				MACOSX_DEPLOYMENT_TARGET = 10.11;
				MTL_ENABLE_DEBUG_INFO = YES;
				ONLY_ACTIVE_ARCH = YES;
				SDKROOT = macosx;
			};
			name = Debug;
		};
		012FBB661E71A03400D1C61C /* Release */ = {
			isa = XCBuildConfiguration;
			buildSettings = {
				ALWAYS_SEARCH_USER_PATHS = NO;
				CLANG_ANALYZER_NONNULL = YES;
				CLANG_CXX_LANGUAGE_STANDARD = "gnu++0x";
				CLANG_CXX_LIBRARY = "libc++";
				CLANG_ENABLE_MODULES = YES;
				CLANG_ENABLE_OBJC_ARC = YES;
				CLANG_WARN_BOOL_CONVERSION = YES;
				CLANG_WARN_CONSTANT_CONVERSION = YES;
				CLANG_WARN_DIRECT_OBJC_ISA_USAGE = YES_ERROR;
				CLANG_WARN_DOCUMENTATION_COMMENTS = YES;
				CLANG_WARN_EMPTY_BODY = YES;
				CLANG_WARN_ENUM_CONVERSION = YES;
				CLANG_WARN_INFINITE_RECURSION = YES;
				CLANG_WARN_INT_CONVERSION = YES;
				CLANG_WARN_OBJC_ROOT_CLASS = YES_ERROR;
				CLANG_WARN_SUSPICIOUS_MOVE = YES;
				CLANG_WARN_UNREACHABLE_CODE = YES;
				CLANG_WARN__DUPLICATE_METHOD_MATCH = YES;
				CODE_SIGN_IDENTITY = "-";
				COPY_PHASE_STRIP = NO;
				DEBUG_INFORMATION_FORMAT = "dwarf-with-dsym";
				ENABLE_NS_ASSERTIONS = NO;
				ENABLE_STRICT_OBJC_MSGSEND = YES;
				GCC_C_LANGUAGE_STANDARD = gnu99;
				GCC_NO_COMMON_BLOCKS = YES;
				GCC_WARN_64_TO_32_BIT_CONVERSION = YES;
				GCC_WARN_ABOUT_RETURN_TYPE = YES_ERROR;
				GCC_WARN_UNDECLARED_SELECTOR = YES;
				GCC_WARN_UNINITIALIZED_AUTOS = YES_AGGRESSIVE;
				GCC_WARN_UNUSED_FUNCTION = YES;
				GCC_WARN_UNUSED_VARIABLE = YES;
				MACOSX_DEPLOYMENT_TARGET = 10.11;
				MTL_ENABLE_DEBUG_INFO = NO;
				SDKROOT = macosx;
			};
			name = Release;
		};
		012FBB681E71A03400D1C61C /* Debug */ = {
			isa = XCBuildConfiguration;
			buildSettings = {
				PRODUCT_NAME = "$(TARGET_NAME)";
			};
			name = Debug;
		};
		012FBB691E71A03400D1C61C /* Release */ = {
			isa = XCBuildConfiguration;
			buildSettings = {
				PRODUCT_NAME = "$(TARGET_NAME)";
			};
			name = Release;
		};
/* End XCBuildConfiguration section */

/* Begin XCConfigurationList section */
		012FBB5B1E71A03400D1C61C /* Build configuration list for PBXProject "oc-helloworld" */ = {
			isa = XCConfigurationList;
			buildConfigurations = (
				012FBB651E71A03400D1C61C /* Debug */,
				012FBB661E71A03400D1C61C /* Release */,
			);
			defaultConfigurationIsVisible = 0;
			defaultConfigurationName = Release;
		};
		012FBB671E71A03400D1C61C /* Build configuration list for PBXNativeTarget "oc-helloworld" */ = {
			isa = XCConfigurationList;
			buildConfigurations = (
				012FBB681E71A03400D1C61C /* Debug */,
				012FBB691E71A03400D1C61C /* Release */,
			);
			defaultConfigurationIsVisible = 0;
		};
/* End XCConfigurationList section */
	};
	rootObject = 012FBB581E71A03400D1C61C /* Project object */;
}
